
Microsoft Visual Studio Solution File, Format Version 12.00
# Visual Studio Version 17
VisualStudioVersion = 17.11.35312.102
MinimumVisualStudioVersion = 10.0.40219.1
Project("{FAE04EC0-301F-11D3-BF4B-00C04F79EFBC}") = "JAR", "JAR\JAR.csproj", "{BDA2F6E3-8329-43AA-99EF-89B641C8A75D}"
EndProject
Global
	GlobalSection(SolutionConfigurationPlatforms) = preSolution
		Debug|Any CPU = Debug|Any CPU
		Release|Any CPU = Release|Any CPU
	EndGlobalSection
	GlobalSection(ProjectConfigurationPlatforms) = postSolution
		{BDA2F6E3-8329-43AA-99EF-89B641C8A75D}.Debug|Any CPU.ActiveCfg = Debug|Any CPU
		{BDA2F6E3-8329-43AA-99EF-89B641C8A75D}.Debug|Any CPU.Build.0 = Debug|Any CPU
		{BDA2F6E3-8329-43AA-99EF-89B641C8A75D}.Release|Any CPU.ActiveCfg = Release|Any CPU
		{BDA2F6E3-8329-43AA-99EF-89B641C8A75D}.Release|Any CPU.Build.0 = Release|Any CPU
	EndGlobalSection
	GlobalSection(SolutionProperties) = preSolution
		HideSolutionNode = FALSE
	EndGlobalSection
	GlobalSection(ExtensibilityGlobals) = postSolution
		SolutionGuid = {1575538C-B000-49DD-B616-FB5F7FB765DC}
	EndGlobalSection
EndGlobal
